PODS:
  - Alamofire (4.2.0)
  - ScoutMaps-iOS-SDK (3.0.2)
  - SideMenu (2.0.7)
  - SwiftyJSON (3.1.3)

DEPENDENCIES:
  - Alamofire
  - ScoutMaps-iOS-SDK
  - SideMenu
  - SwiftyJSON

SPEC CHECKSUMS:
  Alamofire: aa2e09d871c9160ac53c90e83c68064a94e3dfbe
  ScoutMaps-iOS-SDK: 2b50decc60d3ff54c50f4dc2dd5b87513130930e
  SideMenu: c5d3c3bc855b96bc2059e0b1ec346ecb54e80447
  SwiftyJSON: 38a8ea2006779c0fc4c310cb2ee8195327740faf

PODFILE CHECKSUM: 41a37adaed5846130bd23af2a383433cd0d09368

COCOAPODS: 1.2.0.beta.1
